// !$*UTF8*$!
{
	archiveVersion = 1;
	classes = {
	};
	objectVersion = 48;
	objects = {

/* Begin PBXBuildFile section */
		5B9AE1E133E100FB656D1610 /* libPods-Demo.a in Frameworks */ = {isa = PBXBuildFile; fileRef = 8C3CDEC936D083634429DB14 /* libPods-Demo.a */; };
		E880E2B821AD33990086D644 /* AppDelegate.m in Sources */ = {isa = PBXBuildFile; fileRef = E880E2B721AD33990086D644 /* AppDelegate.m */; };
		E880E2BB21AD33990086D644 /* ViewController.m in Sources */ = {isa = PBXBuildFile; fileRef = E880E2BA21AD33990086D644 /* ViewController.m */; };
		E880E2BE21AD33990086D644 /* Main.storyboard in Resources */ = {isa = PBXBuildFile; fileRef = E880E2BC21AD33990086D644 /* Main.storyboard */; };
		E880E2C021AD33990086D644 /* Assets.xcassets in Resources */ = {isa = PBXBuildFile; fileRef = E880E2BF21AD33990086D644 /* Assets.xcassets */; };
		E880E2C321AD33990086D644 /* LaunchScreen.storyboard in Resources */ = {isa = PBXBuildFile; fileRef = E880E2C121AD33990086D644 /* LaunchScreen.storyboard */; };
		E880E2C621AD33990086D644 /* main.m in Sources */ = {isa = PBXBuildFile; fileRef = E880E2C521AD33990086D644 /* main.m */; };
		E880E2CE21AD3A040086D644 /* TencentLBS.framework in Frameworks */ = {isa = PBXBuildFile; fileRef = E880E2CD21AD3A040086D644 /* TencentLBS.framework */; };
		E880E2D121AD3A3C0086D644 /* libz.1.2.5.tbd in Frameworks */ = {isa = PBXBuildFile; fileRef = E880E2D021AD3A340086D644 /* libz.1.2.5.tbd */; };
		E8F5B58E21BDF7E0004AD14C /* LivedetectfourController.m in Sources */ = {isa = PBXBuildFile; fileRef = E8F5B57921BDF7E0004AD14C /* LivedetectfourController.m */; };
		E8F5B58F21BDF7E0004AD14C /* Livedetectfour.xib in Resources */ = {isa = PBXBuildFile; fileRef = E8F5B57A21BDF7E0004AD14C /* Livedetectfour.xib */; };
		E8F5B59021BDF7E0004AD14C /* Logger.m in Sources */ = {isa = PBXBuildFile; fileRef = E8F5B57D21BDF7E0004AD14C /* Logger.m */; };
		E8F5B59121BDF7E0004AD14C /* FileSize.m in Sources */ = {isa = PBXBuildFile; fileRef = E8F5B57E21BDF7E0004AD14C /* FileSize.m */; };
		E8F5B59221BDF7E0004AD14C /* Livegetfour.xib in Resources */ = {isa = PBXBuildFile; fileRef = E8F5B58321BDF7E0004AD14C /* Livegetfour.xib */; };
		E8F5B59321BDF7E0004AD14C /* LivegetfourController.m in Sources */ = {isa = PBXBuildFile; fileRef = E8F5B58421BDF7E0004AD14C /* LivegetfourController.m */; };
		E8F5B59421BDF7E0004AD14C /* IdcardcompareController.m in Sources */ = {isa = PBXBuildFile; fileRef = E8F5B58821BDF7E0004AD14C /* IdcardcompareController.m */; };
		E8F5B59521BDF7E0004AD14C /* Idcardcompare.xib in Resources */ = {isa = PBXBuildFile; fileRef = E8F5B58921BDF7E0004AD14C /* Idcardcompare.xib */; };
		E8F5B59621BDF7E0004AD14C /* IdcardlivedetectfourController.m in Sources */ = {isa = PBXBuildFile; fileRef = E8F5B58B21BDF7E0004AD14C /* IdcardlivedetectfourController.m */; };
		E8F5B59721BDF7E0004AD14C /* Idcardlivedetectfour.xib in Resources */ = {isa = PBXBuildFile; fileRef = E8F5B58C21BDF7E0004AD14C /* Idcardlivedetectfour.xib */; };
		E8F5B59A21BDF8E1004AD14C /* VerifyViewController.m in Sources */ = {isa = PBXBuildFile; fileRef = E8F5B59921BDF8E0004AD14C /* VerifyViewController.m */; };
		E8F5B5B421BE0775004AD14C /* FaceVerifyIdPaaSLib.framework in Frameworks */ = {isa = PBXBuildFile; fileRef = E8F5B5B321BE0775004AD14C /* FaceVerifyIdPaaSLib.framework */; };
/* End PBXBuildFile section */

/* Begin PBXFileReference section */
		0091F37A4A787CA70AA96260 /* Pods-Demo.debug.xcconfig */ = {isa = PBXFileReference; includeInIndex = 1; lastKnownFileType = text.xcconfig; name = "Pods-Demo.debug.xcconfig"; path = "Pods/Target Support Files/Pods-Demo/Pods-Demo.debug.xcconfig"; sourceTree = "<group>"; };
		8C3CDEC936D083634429DB14 /* libPods-Demo.a */ = {isa = PBXFileReference; explicitFileType = archive.ar; includeInIndex = 0; path = "libPods-Demo.a"; sourceTree = BUILT_PRODUCTS_DIR; };
		E0F4940F4136768EFCAECF3C /* Pods-Demo.release.xcconfig */ = {isa = PBXFileReference; includeInIndex = 1; lastKnownFileType = text.xcconfig; name = "Pods-Demo.release.xcconfig"; path = "Pods/Target Support Files/Pods-Demo/Pods-Demo.release.xcconfig"; sourceTree = "<group>"; };
		E880E2B321AD33990086D644 /* Demo.app */ = {isa = PBXFileReference; explicitFileType = wrapper.application; includeInIndex = 0; path = Demo.app; sourceTree = BUILT_PRODUCTS_DIR; };
		E880E2B621AD33990086D644 /* AppDelegate.h */ = {isa = PBXFileReference; lastKnownFileType = sourcecode.c.h; path = AppDelegate.h; sourceTree = "<group>"; };
		E880E2B721AD33990086D644 /* AppDelegate.m */ = {isa = PBXFileReference; lastKnownFileType = sourcecode.c.objc; path = AppDelegate.m; sourceTree = "<group>"; };
		E880E2B921AD33990086D644 /* ViewController.h */ = {isa = PBXFileReference; lastKnownFileType = sourcecode.c.h; path = ViewController.h; sourceTree = "<group>"; };
		E880E2BA21AD33990086D644 /* ViewController.m */ = {isa = PBXFileReference; lastKnownFileType = sourcecode.c.objc; path = ViewController.m; sourceTree = "<group>"; };
		E880E2BD21AD33990086D644 /* Base */ = {isa = PBXFileReference; lastKnownFileType = file.storyboard; name = Base; path = Base.lproj/Main.storyboard; sourceTree = "<group>"; };
		E880E2BF21AD33990086D644 /* Assets.xcassets */ = {isa = PBXFileReference; lastKnownFileType = folder.assetcatalog; path = Assets.xcassets; sourceTree = "<group>"; };
		E880E2C221AD33990086D644 /* Base */ = {isa = PBXFileReference; lastKnownFileType = file.storyboard; name = Base; path = Base.lproj/LaunchScreen.storyboard; sourceTree = "<group>"; };
		E880E2C421AD33990086D644 /* Info.plist */ = {isa = PBXFileReference; lastKnownFileType = text.plist.xml; path = Info.plist; sourceTree = "<group>"; };
		E880E2C521AD33990086D644 /* main.m */ = {isa = PBXFileReference; lastKnownFileType = sourcecode.c.objc; path = main.m; sourceTree = "<group>"; };
		E880E2CD21AD3A040086D644 /* TencentLBS.framework */ = {isa = PBXFileReference; lastKnownFileType = wrapper.framework; path = TencentLBS.framework; sourceTree = "<group>"; };
		E880E2D021AD3A340086D644 /* libz.1.2.5.tbd */ = {isa = PBXFileReference; lastKnownFileType = "sourcecode.text-based-dylib-definition"; name = libz.1.2.5.tbd; path = usr/lib/libz.1.2.5.tbd; sourceTree = SDKROOT; };
		E8F5B57921BDF7E0004AD14C /* LivedetectfourController.m */ = {isa = PBXFileReference; fileEncoding = 4; lastKnownFileType = sourcecode.c.objc; path = LivedetectfourController.m; sourceTree = "<group>"; };
		E8F5B57A21BDF7E0004AD14C /* Livedetectfour.xib */ = {isa = PBXFileReference; fileEncoding = 4; lastKnownFileType = file.xib; path = Livedetectfour.xib; sourceTree = "<group>"; };
		E8F5B57B21BDF7E0004AD14C /* LivedetectfourController.h */ = {isa = PBXFileReference; fileEncoding = 4; lastKnownFileType = sourcecode.c.h; path = LivedetectfourController.h; sourceTree = "<group>"; };
		E8F5B57D21BDF7E0004AD14C /* Logger.m */ = {isa = PBXFileReference; fileEncoding = 4; lastKnownFileType = sourcecode.c.objc; path = Logger.m; sourceTree = "<group>"; };
		E8F5B57E21BDF7E0004AD14C /* FileSize.m */ = {isa = PBXFileReference; fileEncoding = 4; lastKnownFileType = sourcecode.c.objc; path = FileSize.m; sourceTree = "<group>"; };
		E8F5B57F21BDF7E0004AD14C /* Logger.h */ = {isa = PBXFileReference; fileEncoding = 4; lastKnownFileType = sourcecode.c.h; path = Logger.h; sourceTree = "<group>"; };
		E8F5B58021BDF7E0004AD14C /* UserInfo.h */ = {isa = PBXFileReference; fileEncoding = 4; lastKnownFileType = sourcecode.c.h; path = UserInfo.h; sourceTree = "<group>"; };
		E8F5B58121BDF7E0004AD14C /* FileSize.h */ = {isa = PBXFileReference; fileEncoding = 4; lastKnownFileType = sourcecode.c.h; path = FileSize.h; sourceTree = "<group>"; };
		E8F5B58321BDF7E0004AD14C /* Livegetfour.xib */ = {isa = PBXFileReference; fileEncoding = 4; lastKnownFileType = file.xib; path = Livegetfour.xib; sourceTree = "<group>"; };
		E8F5B58421BDF7E0004AD14C /* LivegetfourController.m */ = {isa = PBXFileReference; fileEncoding = 4; lastKnownFileType = sourcecode.c.objc; path = LivegetfourController.m; sourceTree = "<group>"; };
		E8F5B58521BDF7E0004AD14C /* LivegetfourController.h */ = {isa = PBXFileReference; fileEncoding = 4; lastKnownFileType = sourcecode.c.h; path = LivegetfourController.h; sourceTree = "<group>"; };
		E8F5B58721BDF7E0004AD14C /* IdcardcompareController.h */ = {isa = PBXFileReference; fileEncoding = 4; lastKnownFileType = sourcecode.c.h; path = IdcardcompareController.h; sourceTree = "<group>"; };
		E8F5B58821BDF7E0004AD14C /* IdcardcompareController.m */ = {isa = PBXFileReference; fileEncoding = 4; lastKnownFileType = sourcecode.c.objc; path = IdcardcompareController.m; sourceTree = "<group>"; };
		E8F5B58921BDF7E0004AD14C /* Idcardcompare.xib */ = {isa = PBXFileReference; fileEncoding = 4; lastKnownFileType = file.xib; path = Idcardcompare.xib; sourceTree = "<group>"; };
		E8F5B58B21BDF7E0004AD14C /* IdcardlivedetectfourController.m */ = {isa = PBXFileReference; fileEncoding = 4; lastKnownFileType = sourcecode.c.objc; path = IdcardlivedetectfourController.m; sourceTree = "<group>"; };
		E8F5B58C21BDF7E0004AD14C /* Idcardlivedetectfour.xib */ = {isa = PBXFileReference; fileEncoding = 4; lastKnownFileType = file.xib; path = Idcardlivedetectfour.xib; sourceTree = "<group>"; };
		E8F5B58D21BDF7E0004AD14C /* IdcardlivedetectfourController.h */ = {isa = PBXFileReference; fileEncoding = 4; lastKnownFileType = sourcecode.c.h; path = IdcardlivedetectfourController.h; sourceTree = "<group>"; };
		E8F5B59821BDF8E0004AD14C /* VerifyViewController.h */ = {isa = PBXFileReference; fileEncoding = 4; lastKnownFileType = sourcecode.c.h; path = VerifyViewController.h; sourceTree = "<group>"; };
		E8F5B59921BDF8E0004AD14C /* VerifyViewController.m */ = {isa = PBXFileReference; fileEncoding = 4; lastKnownFileType = sourcecode.c.objc; path = VerifyViewController.m; sourceTree = "<group>"; };
		E8F5B5B321BE0775004AD14C /* FaceVerifyIdPaaSLib.framework */ = {isa = PBXFileReference; lastKnownFileType = wrapper.framework; path = FaceVerifyIdPaaSLib.framework; sourceTree = "<group>"; };
/* End PBXFileReference section */

/* Begin PBXFrameworksBuildPhase section */
		E880E2B021AD33990086D644 /* Frameworks */ = {
			isa = PBXFrameworksBuildPhase;
			buildActionMask = 2147483647;
			files = (
				E880E2D121AD3A3C0086D644 /* libz.1.2.5.tbd in Frameworks */,
				E880E2CE21AD3A040086D644 /* TencentLBS.framework in Frameworks */,
				E8F5B5B421BE0775004AD14C /* FaceVerifyIdPaaSLib.framework in Frameworks */,
				5B9AE1E133E100FB656D1610 /* libPods-Demo.a in Frameworks */,
			);
			runOnlyForDeploymentPostprocessing = 0;
		};
/* End PBXFrameworksBuildPhase section */

/* Begin PBXGroup section */
		11C4BCDE540EB92FAA0E2E6C /* Pods */ = {
			isa = PBXGroup;
			children = (
				0091F37A4A787CA70AA96260 /* Pods-Demo.debug.xcconfig */,
				E0F4940F4136768EFCAECF3C /* Pods-Demo.release.xcconfig */,
			);
			name = Pods;
			sourceTree = "<group>";
		};
		E880E2AA21AD33990086D644 = {
			isa = PBXGroup;
			children = (
				E880E2B521AD33990086D644 /* Demo */,
				E880E2B421AD33990086D644 /* Products */,
				E880E2CF21AD3A340086D644 /* Frameworks */,
				11C4BCDE540EB92FAA0E2E6C /* Pods */,
			);
			sourceTree = "<group>";
		};
		E880E2B421AD33990086D644 /* Products */ = {
			isa = PBXGroup;
			children = (
				E880E2B321AD33990086D644 /* Demo.app */,
			);
			name = Products;
			sourceTree = "<group>";
		};
		E880E2B521AD33990086D644 /* Demo */ = {
			isa = PBXGroup;
			children = (
				E8F5B57721BDF7E0004AD14C /* FaceVerify */,
				E880E2CC21AD3A040086D644 /* libs */,
				E880E2B621AD33990086D644 /* AppDelegate.h */,
				E880E2B721AD33990086D644 /* AppDelegate.m */,
				E880E2B921AD33990086D644 /* ViewController.h */,
				E880E2BA21AD33990086D644 /* ViewController.m */,
				E880E2BC21AD33990086D644 /* Main.storyboard */,
				E880E2BF21AD33990086D644 /* Assets.xcassets */,
				E880E2C121AD33990086D644 /* LaunchScreen.storyboard */,
				E880E2C421AD33990086D644 /* Info.plist */,
				E880E2C521AD33990086D644 /* main.m */,
			);
			path = Demo;
			sourceTree = "<group>";
		};
		E880E2CC21AD3A040086D644 /* libs */ = {
			isa = PBXGroup;
			children = (
				E8F5B5B321BE0775004AD14C /* FaceVerifyIdPaaSLib.framework */,
				E880E2CD21AD3A040086D644 /* TencentLBS.framework */,
			);
			path = libs;
			sourceTree = "<group>";
		};
		E880E2CF21AD3A340086D644 /* Frameworks */ = {
			isa = PBXGroup;
			children = (
				E880E2D021AD3A340086D644 /* libz.1.2.5.tbd */,
				8C3CDEC936D083634429DB14 /* libPods-Demo.a */,
			);
			name = Frameworks;
			sourceTree = "<group>";
		};
		E8F5B57721BDF7E0004AD14C /* FaceVerify */ = {
			isa = PBXGroup;
			children = (
				E8F5B59821BDF8E0004AD14C /* VerifyViewController.h */,
				E8F5B59921BDF8E0004AD14C /* VerifyViewController.m */,
				E8F5B57821BDF7E0004AD14C /* Livedetectfour */,
				E8F5B57C21BDF7E0004AD14C /* Utils */,
				E8F5B58221BDF7E0004AD14C /* Livegetfour */,
				E8F5B58621BDF7E0004AD14C /* Idcardcompare */,
				E8F5B58A21BDF7E0004AD14C /* Idcardlivedetectfour */,
			);
			path = FaceVerify;
			sourceTree = "<group>";
		};
		E8F5B57821BDF7E0004AD14C /* Livedetectfour */ = {
			isa = PBXGroup;
			children = (
				E8F5B57921BDF7E0004AD14C /* LivedetectfourController.m */,
				E8F5B57A21BDF7E0004AD14C /* Livedetectfour.xib */,
				E8F5B57B21BDF7E0004AD14C /* LivedetectfourController.h */,
			);
			path = Livedetectfour;
			sourceTree = "<group>";
		};
		E8F5B57C21BDF7E0004AD14C /* Utils */ = {
			isa = PBXGroup;
			children = (
				E8F5B57D21BDF7E0004AD14C /* Logger.m */,
				E8F5B57E21BDF7E0004AD14C /* FileSize.m */,
				E8F5B57F21BDF7E0004AD14C /* Logger.h */,
				E8F5B58021BDF7E0004AD14C /* UserInfo.h */,
				E8F5B58121BDF7E0004AD14C /* FileSize.h */,
			);
			path = Utils;
			sourceTree = "<group>";
		};
		E8F5B58221BDF7E0004AD14C /* Livegetfour */ = {
			isa = PBXGroup;
			children = (
				E8F5B58321BDF7E0004AD14C /* Livegetfour.xib */,
				E8F5B58421BDF7E0004AD14C /* LivegetfourController.m */,
				E8F5B58521BDF7E0004AD14C /* LivegetfourController.h */,
			);
			path = Livegetfour;
			sourceTree = "<group>";
		};
		E8F5B58621BDF7E0004AD14C /* Idcardcompare */ = {
			isa = PBXGroup;
			children = (
				E8F5B58721BDF7E0004AD14C /* IdcardcompareController.h */,
				E8F5B58821BDF7E0004AD14C /* IdcardcompareController.m */,
				E8F5B58921BDF7E0004AD14C /* Idcardcompare.xib */,
			);
			path = Idcardcompare;
			sourceTree = "<group>";
		};
		E8F5B58A21BDF7E0004AD14C /* Idcardlivedetectfour */ = {
			isa = PBXGroup;
			children = (
				E8F5B58B21BDF7E0004AD14C /* IdcardlivedetectfourController.m */,
				E8F5B58C21BDF7E0004AD14C /* Idcardlivedetectfour.xib */,
				E8F5B58D21BDF7E0004AD14C /* IdcardlivedetectfourController.h */,
			);
			path = Idcardlivedetectfour;
			sourceTree = "<group>";
		};
/* End PBXGroup section */

/* Begin PBXNativeTarget section */
		E880E2B221AD33990086D644 /* Demo */ = {
			isa = PBXNativeTarget;
			buildConfigurationList = E880E2C921AD33990086D644 /* Build configuration list for PBXNativeTarget "Demo" */;
			buildPhases = (
				EEA03E084EDA35C634530B11 /* [CP] Check Pods Manifest.lock */,
				E880E2AF21AD33990086D644 /* Sources */,
				E880E2B021AD33990086D644 /* Frameworks */,
				E880E2B121AD33990086D644 /* Resources */,
				279C039BC1D91964913E5106 /* [CP] Copy Pods Resources */,
			);
			buildRules = (
			);
			dependencies = (
			);
			name = Demo;
			productName = Demo;
			productReference = E880E2B321AD33990086D644 /* Demo.app */;
			productType = "com.apple.product-type.application";
		};
/* End PBXNativeTarget section */

/* Begin PBXProject section */
		E880E2AB21AD33990086D644 /* Project object */ = {
			isa = PBXProject;
			attributes = {
				LastUpgradeCheck = 0900;
				ORGANIZATIONNAME = wanve;
				TargetAttributes = {
					E880E2B221AD33990086D644 = {
						CreatedOnToolsVersion = 9.0.1;
						ProvisioningStyle = Manual;
						SystemCapabilities = {
							com.apple.BackgroundModes = {
								enabled = 1;
							};
						};
					};
				};
			};
			buildConfigurationList = E880E2AE21AD33990086D644 /* Build configuration list for PBXProject "Demo" */;
			compatibilityVersion = "Xcode 8.0";
			developmentRegion = en;
			hasScannedForEncodings = 0;
			knownRegions = (
				en,
				Base,
			);
			mainGroup = E880E2AA21AD33990086D644;
			productRefGroup = E880E2B421AD33990086D644 /* Products */;
			projectDirPath = "";
			projectRoot = "";
			targets = (
				E880E2B221AD33990086D644 /* Demo */,
			);
		};
/* End PBXProject section */

/* Begin PBXResourcesBuildPhase section */
		E880E2B121AD33990086D644 /* Resources */ = {
			isa = PBXResourcesBuildPhase;
			buildActionMask = 2147483647;
			files = (
				E8F5B58F21BDF7E0004AD14C /* Livedetectfour.xib in Resources */,
				E880E2C321AD33990086D644 /* LaunchScreen.storyboard in Resources */,
				E880E2C021AD33990086D644 /* Assets.xcassets in Resources */,
				E880E2BE21AD33990086D644 /* Main.storyboard in Resources */,
				E8F5B59721BDF7E0004AD14C /* Idcardlivedetectfour.xib in Resources */,
				E8F5B59521BDF7E0004AD14C /* Idcardcompare.xib in Resources */,
				E8F5B59221BDF7E0004AD14C /* Livegetfour.xib in Resources */,
			);
			runOnlyForDeploymentPostprocessing = 0;
		};
/* End PBXResourcesBuildPhase section */

/* Begin PBXShellScriptBuildPhase section */
		279C039BC1D91964913E5106 /* [CP] Copy Pods Resources */ = {
			isa = PBXShellScriptBuildPhase;
			buildActionMask = 2147483647;
			files = (
			);
			inputPaths = (
				"${SRCROOT}/Pods/Target Support Files/Pods-Demo/Pods-Demo-resources.sh",
				"${PODS_ROOT}/IQKeyboardManager/IQKeyboardManager/Resources/IQKeyboardManager.bundle",
				"${PODS_ROOT}/MJRefresh/MJRefresh/MJRefresh.bundle",
				"${PODS_ROOT}/SVProgressHUD/SVProgressHUD/SVProgressHUD.bundle",
			);
			name = "[CP] Copy Pods Resources";
			outputPaths = (
				"${TARGET_BUILD_DIR}/${UNLOCALIZED_RESOURCES_FOLDER_PATH}/IQKeyboardManager.bundle",
				"${TARGET_BUILD_DIR}/${UNLOCALIZED_RESOURCES_FOLDER_PATH}/MJRefresh.bundle",
				"${TARGET_BUILD_DIR}/${UNLOCALIZED_RESOURCES_FOLDER_PATH}/SVProgressHUD.bundle",
			);
			runOnlyForDeploymentPostprocessing = 0;
			shellPath = /bin/sh;
			shellScript = "\"${SRCROOT}/Pods/Target Support Files/Pods-Demo/Pods-Demo-resources.sh\"\n";
			showEnvVarsInLog = 0;
		};
		EEA03E084EDA35C634530B11 /* [CP] Check Pods Manifest.lock */ = {
			isa = PBXShellScriptBuildPhase;
			buildActionMask = 2147483647;
			files = (
			);
			inputPaths = (
				"${PODS_PODFILE_DIR_PATH}/Podfile.lock",
				"${PODS_ROOT}/Manifest.lock",
			);
			name = "[CP] Check Pods Manifest.lock";
			outputPaths = (
				"$(DERIVED_FILE_DIR)/Pods-Demo-checkManifestLockResult.txt",
			);
			runOnlyForDeploymentPostprocessing = 0;
			shellPath = /bin/sh;
			shellScript = "diff \"${PODS_PODFILE_DIR_PATH}/Podfile.lock\" \"${PODS_ROOT}/Manifest.lock\" > /dev/null\nif [ $? != 0 ] ; then\n    # print error to STDERR\n    echo \"error: The sandbox is not in sync with the Podfile.lock. Run 'pod install' or update your CocoaPods installation.\" >&2\n    exit 1\nfi\n# This output is used by Xcode 'outputs' to avoid re-running this script phase.\necho \"SUCCESS\" > \"${SCRIPT_OUTPUT_FILE_0}\"\n";
			showEnvVarsInLog = 0;
		};
/* End PBXShellScriptBuildPhase section */

/* Begin PBXSourcesBuildPhase section */
		E880E2AF21AD33990086D644 /* Sources */ = {
			isa = PBXSourcesBuildPhase;
			buildActionMask = 2147483647;
			files = (
				E8F5B59621BDF7E0004AD14C /* IdcardlivedetectfourController.m in Sources */,
				E8F5B59121BDF7E0004AD14C /* FileSize.m in Sources */,
				E880E2BB21AD33990086D644 /* ViewController.m in Sources */,
				E880E2C621AD33990086D644 /* main.m in Sources */,
				E8F5B58E21BDF7E0004AD14C /* LivedetectfourController.m in Sources */,
				E880E2B821AD33990086D644 /* AppDelegate.m in Sources */,
				E8F5B59021BDF7E0004AD14C /* Logger.m in Sources */,
				E8F5B59A21BDF8E1004AD14C /* VerifyViewController.m in Sources */,
				E8F5B59421BDF7E0004AD14C /* IdcardcompareController.m in Sources */,
				E8F5B59321BDF7E0004AD14C /* LivegetfourController.m in Sources */,
			);
			runOnlyForDeploymentPostprocessing = 0;
		};
/* End PBXSourcesBuildPhase section */

/* Begin PBXVariantGroup section */
		E880E2BC21AD33990086D644 /* Main.storyboard */ = {
			isa = PBXVariantGroup;
			children = (
				E880E2BD21AD33990086D644 /* Base */,
			);
			name = Main.storyboard;
			sourceTree = "<group>";
		};
		E880E2C121AD33990086D644 /* LaunchScreen.storyboard */ = {
			isa = PBXVariantGroup;
			children = (
				E880E2C221AD33990086D644 /* Base */,
			);
			name = LaunchScreen.storyboard;
			sourceTree = "<group>";
		};
/* End PBXVariantGroup section */

/* Begin XCBuildConfiguration section */
		E880E2C721AD33990086D644 /* Debug */ = {
			isa = XCBuildConfiguration;
			buildSettings = {
				ALWAYS_SEARCH_USER_PATHS = NO;
				CLANG_ANALYZER_NONNULL = YES;
				CLANG_ANALYZER_NUMBER_OBJECT_CONVERSION = YES_AGGRESSIVE;
				CLANG_CXX_LANGUAGE_STANDARD = "gnu++14";
				CLANG_CXX_LIBRARY = "libc++";
				CLANG_ENABLE_MODULES = YES;
				CLANG_ENABLE_OBJC_ARC = YES;
				CLANG_WARN_BLOCK_CAPTURE_AUTORELEASING = YES;
				CLANG_WARN_BOOL_CONVERSION = YES;
				CLANG_WARN_COMMA = YES;
				CLANG_WARN_CONSTANT_CONVERSION = YES;
				CLANG_WARN_DIRECT_OBJC_ISA_USAGE = YES_ERROR;
				CLANG_WARN_DOCUMENTATION_COMMENTS = YES;
				CLANG_WARN_EMPTY_BODY = YES;
				CLANG_WARN_ENUM_CONVERSION = YES;
				CLANG_WARN_INFINITE_RECURSION = YES;
				CLANG_WARN_INT_CONVERSION = YES;
				CLANG_WARN_NON_LITERAL_NULL_CONVERSION = YES;
				CLANG_WARN_OBJC_LITERAL_CONVERSION = YES;
				CLANG_WARN_OBJC_ROOT_CLASS = YES_ERROR;
				CLANG_WARN_RANGE_LOOP_ANALYSIS = YES;
				CLANG_WARN_STRICT_PROTOTYPES = YES;
				CLANG_WARN_SUSPICIOUS_MOVE = YES;
				CLANG_WARN_UNGUARDED_AVAILABILITY = YES_AGGRESSIVE;
				CLANG_WARN_UNREACHABLE_CODE = YES;
				CLANG_WARN__DUPLICATE_METHOD_MATCH = YES;
				CODE_SIGN_IDENTITY = "iPhone Developer";
				COPY_PHASE_STRIP = NO;
				DEBUG_INFORMATION_FORMAT = dwarf;
				ENABLE_STRICT_OBJC_MSGSEND = YES;
				ENABLE_TESTABILITY = YES;
				GCC_C_LANGUAGE_STANDARD = gnu11;
				GCC_DYNAMIC_NO_PIC = NO;
				GCC_NO_COMMON_BLOCKS = YES;
				GCC_OPTIMIZATION_LEVEL = 0;
				GCC_PREPROCESSOR_DEFINITIONS = (
					"DEBUG=1",
					"$(inherited)",
				);
				GCC_WARN_64_TO_32_BIT_CONVERSION = YES;
				GCC_WARN_ABOUT_RETURN_TYPE = YES_ERROR;
				GCC_WARN_UNDECLARED_SELECTOR = YES;
				GCC_WARN_UNINITIALIZED_AUTOS = YES_AGGRESSIVE;
				GCC_WARN_UNUSED_FUNCTION = YES;
				GCC_WARN_UNUSED_VARIABLE = YES;
				IPHONEOS_DEPLOYMENT_TARGET = 11.0;
				MTL_ENABLE_DEBUG_INFO = YES;
				ONLY_ACTIVE_ARCH = YES;
				SDKROOT = iphoneos;
			};
			name = Debug;
		};
		E880E2C821AD33990086D644 /* Release */ = {
			isa = XCBuildConfiguration;
			buildSettings = {
				ALWAYS_SEARCH_USER_PATHS = NO;
				CLANG_ANALYZER_NONNULL = YES;
				CLANG_ANALYZER_NUMBER_OBJECT_CONVERSION = YES_AGGRESSIVE;
				CLANG_CXX_LANGUAGE_STANDARD = "gnu++14";
				CLANG_CXX_LIBRARY = "libc++";
				CLANG_ENABLE_MODULES = YES;
				CLANG_ENABLE_OBJC_ARC = YES;
				CLANG_WARN_BLOCK_CAPTURE_AUTORELEASING = YES;
				CLANG_WARN_BOOL_CONVERSION = YES;
				CLANG_WARN_COMMA = YES;
				CLANG_WARN_CONSTANT_CONVERSION = YES;
				CLANG_WARN_DIRECT_OBJC_ISA_USAGE = YES_ERROR;
				CLANG_WARN_DOCUMENTATION_COMMENTS = YES;
				CLANG_WARN_EMPTY_BODY = YES;
				CLANG_WARN_ENUM_CONVERSION = YES;
				CLANG_WARN_INFINITE_RECURSION = YES;
				CLANG_WARN_INT_CONVERSION = YES;
				CLANG_WARN_NON_LITERAL_NULL_CONVERSION = YES;
				CLANG_WARN_OBJC_LITERAL_CONVERSION = YES;
				CLANG_WARN_OBJC_ROOT_CLASS = YES_ERROR;
				CLANG_WARN_RANGE_LOOP_ANALYSIS = YES;
				CLANG_WARN_STRICT_PROTOTYPES = YES;
				CLANG_WARN_SUSPICIOUS_MOVE = YES;
				CLANG_WARN_UNGUARDED_AVAILABILITY = YES_AGGRESSIVE;
				CLANG_WARN_UNREACHABLE_CODE = YES;
				CLANG_WARN__DUPLICATE_METHOD_MATCH = YES;
				CODE_SIGN_IDENTITY = "iPhone Developer";
				COPY_PHASE_STRIP = NO;
				DEBUG_INFORMATION_FORMAT = "dwarf-with-dsym";
				ENABLE_NS_ASSERTIONS = NO;
				ENABLE_STRICT_OBJC_MSGSEND = YES;
				GCC_C_LANGUAGE_STANDARD = gnu11;
				GCC_NO_COMMON_BLOCKS = YES;
				GCC_WARN_64_TO_32_BIT_CONVERSION = YES;
				GCC_WARN_ABOUT_RETURN_TYPE = YES_ERROR;
				GCC_WARN_UNDECLARED_SELECTOR = YES;
				GCC_WARN_UNINITIALIZED_AUTOS = YES_AGGRESSIVE;
				GCC_WARN_UNUSED_FUNCTION = YES;
				GCC_WARN_UNUSED_VARIABLE = YES;
				IPHONEOS_DEPLOYMENT_TARGET = 11.0;
				MTL_ENABLE_DEBUG_INFO = NO;
				SDKROOT = iphoneos;
				VALIDATE_PRODUCT = YES;
			};
			name = Release;
		};
		E880E2CA21AD33990086D644 /* Debug */ = {
			isa = XCBuildConfiguration;
			baseConfigurationReference = 0091F37A4A787CA70AA96260 /* Pods-Demo.debug.xcconfig */;
			buildSettings = {
				ASSETCATALOG_COMPILER_APPICON_NAME = AppIcon;
				CODE_SIGN_STYLE = Manual;
				DEVELOPMENT_TEAM = AV2Z93XPA2;
				FRAMEWORK_SEARCH_PATHS = (
					"$(inherited)",
					"$(PROJECT_DIR)/Demo/libs",
				);
				INFOPLIST_FILE = Demo/Info.plist;
				IPHONEOS_DEPLOYMENT_TARGET = 9.1;
				LD_RUNPATH_SEARCH_PATHS = "$(inherited) @executable_path/Frameworks";
				PRODUCT_BUNDLE_IDENTIFIER = com.wanve.WanveTest;
				PRODUCT_NAME = "$(TARGET_NAME)";
				PROVISIONING_PROFILE = "d8208cbf-c86b-4217-880c-ca7c8c7d9f41";
				PROVISIONING_PROFILE_SPECIFIER = WanveTestDev;
				TARGETED_DEVICE_FAMILY = "1,2";
				VALID_ARCHS = "armv7 arm64";
			};
			name = Debug;
		};
		E880E2CB21AD33990086D644 /* Release */ = {
			isa = XCBuildConfiguration;
			baseConfigurationReference = E0F4940F4136768EFCAECF3C /* Pods-Demo.release.xcconfig */;
			buildSettings = {
				ASSETCATALOG_COMPILER_APPICON_NAME = AppIcon;
				"CODE_SIGN_IDENTITY[sdk=iphoneos*]" = "iPhone Distribution";
				CODE_SIGN_STYLE = Manual;
				DEVELOPMENT_TEAM = AV2Z93XPA2;
				FRAMEWORK_SEARCH_PATHS = (
					"$(inherited)",
					"$(PROJECT_DIR)/Demo/libs",
				);
				INFOPLIST_FILE = Demo/Info.plist;
				IPHONEOS_DEPLOYMENT_TARGET = 9.1;
				LD_RUNPATH_SEARCH_PATHS = "$(inherited) @executable_path/Frameworks";
				PRODUCT_BUNDLE_IDENTIFIER = com.wanve.WanveTest;
				PRODUCT_NAME = "$(TARGET_NAME)";
				PROVISIONING_PROFILE = "081e0c2f-3cda-48b9-a590-827f3c860cf6";
				PROVISIONING_PROFILE_SPECIFIER = WanveTestDis;
				TARGETED_DEVICE_FAMILY = "1,2";
				VALID_ARCHS = "armv7 arm64";
			};
			name = Release;
		};
/* End XCBuildConfiguration section */

/* Begin XCConfigurationList section */
		E880E2AE21AD33990086D644 /* Build configuration list for PBXProject "Demo" */ = {
			isa = XCConfigurationList;
			buildConfigurations = (
				E880E2C721AD33990086D644 /* Debug */,
				E880E2C821AD33990086D644 /* Release */,
			);
			defaultConfigurationIsVisible = 0;
			defaultConfigurationName = Release;
		};
		E880E2C921AD33990086D644 /* Build configuration list for PBXNativeTarget "Demo" */ = {
			isa = XCConfigurationList;
			buildConfigurations = (
				E880E2CA21AD33990086D644 /* Debug */,
				E880E2CB21AD33990086D644 /* Release */,
			);
			defaultConfigurationIsVisible = 0;
			defaultConfigurationName = Release;
		};
/* End XCConfigurationList section */
	};
	rootObject = E880E2AB21AD33990086D644 /* Project object */;
}
